
Microsoft Visual Studio Solution File, Format Version 12.00
# Visual Studio Version 17
VisualStudioVersion = 17.5.2.0
MinimumVisualStudioVersion = 10.0.40219.1
Project("{FAE04EC0-301F-11D3-BF4B-00C04F79EFBC}") = "Sw", "src\Sw\Sw.csproj", "{A939F64B-D70B-D390-265D-8771B4A7C0E5}"
EndProject
Project("{2150E333-8FDC-42A3-9474-1A3956D46DE8}") = "tests", "tests", "{0AB3BF05-4346-4AA6-1389-037BE0695223}"
EndProject
Project("{2150E333-8FDC-42A3-9474-1A3956D46DE8}") = "Sw.tests", "Sw.tests", "{70EA6F79-2177-2030-ACB5-102E609EFE6A}"
EndProject
Project("{FAE04EC0-301F-11D3-BF4B-00C04F79EFBC}") = "tests", "tests\Sw.tests\tests.csproj", "{47C4694E-F0A1-499B-84D8-B4EBA0DCF55B}"
EndProject
Project("{2150E333-8FDC-42A3-9474-1A3956D46DE8}") = "src", "src", "{827E0CD3-B72D-47B6-A68D-7590B98EB39B}"
EndProject
Project("{FAE04EC0-301F-11D3-BF4B-00C04F79EFBC}") = "Sw.Cli", "src\Sw.Cli\Sw.Cli.csproj", "{5BC5F143-6EF4-494D-8416-E5214A2D2384}"
EndProject
Global
	GlobalSection(SolutionConfigurationPlatforms) = preSolution
		Debug|Any CPU = Debug|Any CPU
		Debug|x64 = Debug|x64
		Debug|x86 = Debug|x86
		Release|Any CPU = Release|Any CPU
		Release|x64 = Release|x64
		Release|x86 = Release|x86
	EndGlobalSection
	GlobalSection(ProjectConfigurationPlatforms) = postSolution
		{A939F64B-D70B-D390-265D-8771B4A7C0E5}.Debug|Any CPU.ActiveCfg = Debug|Any CPU
		{A939F64B-D70B-D390-265D-8771B4A7C0E5}.Debug|Any CPU.Build.0 = Debug|Any CPU
		{A939F64B-D70B-D390-265D-8771B4A7C0E5}.Debug|x64.ActiveCfg = Debug|Any CPU
		{A939F64B-D70B-D390-265D-8771B4A7C0E5}.Debug|x64.Build.0 = Debug|Any CPU
		{A939F64B-D70B-D390-265D-8771B4A7C0E5}.Debug|x86.ActiveCfg = Debug|Any CPU
		{A939F64B-D70B-D390-265D-8771B4A7C0E5}.Debug|x86.Build.0 = Debug|Any CPU
		{A939F64B-D70B-D390-265D-8771B4A7C0E5}.Release|Any CPU.ActiveCfg = Release|Any CPU
		{A939F64B-D70B-D390-265D-8771B4A7C0E5}.Release|Any CPU.Build.0 = Release|Any CPU
		{A939F64B-D70B-D390-265D-8771B4A7C0E5}.Release|x64.ActiveCfg = Release|Any CPU
		{A939F64B-D70B-D390-265D-8771B4A7C0E5}.Release|x64.Build.0 = Release|Any CPU
		{A939F64B-D70B-D390-265D-8771B4A7C0E5}.Release|x86.ActiveCfg = Release|Any CPU
		{A939F64B-D70B-D390-265D-8771B4A7C0E5}.Release|x86.Build.0 = Release|Any CPU
		{47C4694E-F0A1-499B-84D8-B4EBA0DCF55B}.Debug|Any CPU.ActiveCfg = Debug|Any CPU
		{47C4694E-F0A1-499B-84D8-B4EBA0DCF55B}.Debug|Any CPU.Build.0 = Debug|Any CPU
		{47C4694E-F0A1-499B-84D8-B4EBA0DCF55B}.Debug|x64.ActiveCfg = Debug|Any CPU
		{47C4694E-F0A1-499B-84D8-B4EBA0DCF55B}.Debug|x64.Build.0 = Debug|Any CPU
		{47C4694E-F0A1-499B-84D8-B4EBA0DCF55B}.Debug|x86.ActiveCfg = Debug|Any CPU
		{47C4694E-F0A1-499B-84D8-B4EBA0DCF55B}.Debug|x86.Build.0 = Debug|Any CPU
		{47C4694E-F0A1-499B-84D8-B4EBA0DCF55B}.Release|Any CPU.ActiveCfg = Release|Any CPU
		{47C4694E-F0A1-499B-84D8-B4EBA0DCF55B}.Release|Any CPU.Build.0 = Release|Any CPU
		{47C4694E-F0A1-499B-84D8-B4EBA0DCF55B}.Release|x64.ActiveCfg = Release|Any CPU
		{47C4694E-F0A1-499B-84D8-B4EBA0DCF55B}.Release|x64.Build.0 = Release|Any CPU
		{47C4694E-F0A1-499B-84D8-B4EBA0DCF55B}.Release|x86.ActiveCfg = Release|Any CPU
		{47C4694E-F0A1-499B-84D8-B4EBA0DCF55B}.Release|x86.Build.0 = Release|Any CPU
		{5BC5F143-6EF4-494D-8416-E5214A2D2384}.Debug|Any CPU.ActiveCfg = Debug|Any CPU
		{5BC5F143-6EF4-494D-8416-E5214A2D2384}.Debug|Any CPU.Build.0 = Debug|Any CPU
		{5BC5F143-6EF4-494D-8416-E5214A2D2384}.Debug|x64.ActiveCfg = Debug|Any CPU
		{5BC5F143-6EF4-494D-8416-E5214A2D2384}.Debug|x64.Build.0 = Debug|Any CPU
		{5BC5F143-6EF4-494D-8416-E5214A2D2384}.Debug|x86.ActiveCfg = Debug|Any CPU
		{5BC5F143-6EF4-494D-8416-E5214A2D2384}.Debug|x86.Build.0 = Debug|Any CPU
		{5BC5F143-6EF4-494D-8416-E5214A2D2384}.Release|Any CPU.ActiveCfg = Release|Any CPU
		{5BC5F143-6EF4-494D-8416-E5214A2D2384}.Release|Any CPU.Build.0 = Release|Any CPU
		{5BC5F143-6EF4-494D-8416-E5214A2D2384}.Release|x64.ActiveCfg = Release|Any CPU
		{5BC5F143-6EF4-494D-8416-E5214A2D2384}.Release|x64.Build.0 = Release|Any CPU
		{5BC5F143-6EF4-494D-8416-E5214A2D2384}.Release|x86.ActiveCfg = Release|Any CPU
		{5BC5F143-6EF4-494D-8416-E5214A2D2384}.Release|x86.Build.0 = Release|Any CPU
	EndGlobalSection
	GlobalSection(SolutionProperties) = preSolution
		HideSolutionNode = FALSE
	EndGlobalSection
	GlobalSection(NestedProjects) = preSolution
		{70EA6F79-2177-2030-ACB5-102E609EFE6A} = {0AB3BF05-4346-4AA6-1389-037BE0695223}
		{47C4694E-F0A1-499B-84D8-B4EBA0DCF55B} = {70EA6F79-2177-2030-ACB5-102E609EFE6A}
		{5BC5F143-6EF4-494D-8416-E5214A2D2384} = {827E0CD3-B72D-47B6-A68D-7590B98EB39B}
	EndGlobalSection
	GlobalSection(ExtensibilityGlobals) = postSolution
		SolutionGuid = {4857CA86-1CEC-407D-8EDB-6841CBB140CA}
	EndGlobalSection
EndGlobal
